{
  "nodes": {
    "flakeNimbleLib": {
      "inputs": {
        "nixpkgs": [
          "nixpkgs"
        ]
      },
      "locked": {
        "lastModified": 1662018438,
        "narHash": "sha256-QtNtU6+LX3Wokxf0zlFwKTFOcn6TeDjKQZ+DA9OYtvM=",
        "owner": "riinr",
        "repo": "nim-flakes-lib",
        "rev": "b1fe8340736e3a85d25c709ac3dfd82a55c03cbf",
        "type": "github"
      },
      "original": {
        "owner": "riinr",
        "ref": "master",
        "repo": "nim-flakes-lib",
        "type": "github"
      }
    },
    "libsvm_legacy-master": {
      "inputs": {
        "flakeNimbleLib": [
          "flakeNimbleLib"
        ],
        "nixpkgs": [
          "nixpkgs"
        ],
        "src-libsvm_legacy-master": "src-libsvm_legacy-master"
      },
      "locked": {
        "dir": "master",
        "lastModified": 1662254579,
        "narHash": "sha256-9rzCuOVUmNdh2Gm2A3JPw/XiAoQ6PrXFpHw4fCP+26I=",
        "owner": "nim-nix-pkgs",
        "repo": "libsvm_legacy",
        "rev": "6fbb41bfbbd168af6962f87f0c773837b1fdd2a3",
        "type": "github"
      },
      "original": {
        "dir": "master",
        "owner": "nim-nix-pkgs",
        "ref": "master",
        "repo": "libsvm_legacy",
        "type": "github"
      }
    },
    "nixpkgs": {
      "locked": {
        "lastModified": 1667110639,
        "narHash": "sha256-4FbPESZ5LbqQxkJJJBAfk/zKgF9h/4kyUwjjpJwYlbc=",
        "owner": "NixOS",
        "repo": "nixpkgs",
        "rev": "f38a1f04d1bec1feb61fd101a0539ae2002a7087",
        "type": "github"
      },
      "original": {
        "id": "nixpkgs",
        "type": "indirect"
      }
    },
    "root": {
      "inputs": {
        "flakeNimbleLib": "flakeNimbleLib",
        "libsvm_legacy-master": "libsvm_legacy-master",
        "nixpkgs": "nixpkgs"
      }
    },
    "src-libsvm_legacy-master": {
      "flake": false,
      "locked": {
        "lastModified": 1518889157,
        "narHash": "sha256-XdphkTMalz6O3NwA/VFQ8zJajJS5txUPK+rHzatsn6I=",
        "owner": "nim-lang",
        "repo": "libsvm_legacy",
        "rev": "cbc384e1842ceaf90968019eef44441b64320753",
        "type": "github"
      },
      "original": {
        "owner": "nim-lang",
        "ref": "refs/heads/master",
        "repo": "libsvm_legacy",
        "type": "github"
      }
    }
  },
  "root": "root",
  "version": 7
}
